
Microsoft Visual Studio Solution File, Format Version 12.00
# Visual Studio Version 16
VisualStudioVersion = 16.0.29306.81
MinimumVisualStudioVersion = 10.0.40219.1
Project("{FAE04EC0-301F-11D3-BF4B-00C04F79EFBC}") = "ServerDatabase", "ServerDatabase\ServerDatabase.csproj", "{45136C3C-E8F9-48D3-93D2-A4E21F09DE4E}"
EndProject
Global
	GlobalSection(SolutionConfigurationPlatforms) = preSolution
		Debug|Any CPU = Debug|Any CPU
		Release|Any CPU = Release|Any CPU
	EndGlobalSection
	GlobalSection(ProjectConfigurationPlatforms) = postSolution
		{45136C3C-E8F9-48D3-93D2-A4E21F09DE4E}.Debug|Any CPU.ActiveCfg = Debug|Any CPU
		{45136C3C-E8F9-48D3-93D2-A4E21F09DE4E}.Debug|Any CPU.Build.0 = Debug|Any CPU
		{45136C3C-E8F9-48D3-93D2-A4E21F09DE4E}.Release|Any CPU.ActiveCfg = Release|Any CPU
		{45136C3C-E8F9-48D3-93D2-A4E21F09DE4E}.Release|Any CPU.Build.0 = Release|Any CPU
	EndGlobalSection
	GlobalSection(SolutionProperties) = preSolution
		HideSolutionNode = FALSE
	EndGlobalSection
	GlobalSection(ExtensibilityGlobals) = postSolution
		SolutionGuid = {DCBD4E56-F028-4DCB-8DE4-7C263D80B08E}
	EndGlobalSection
EndGlobal
